
Microsoft Visual Studio Solution File, Format Version 12.00
# Visual Studio 15
VisualStudioVersion = 15.0.28307.421
MinimumVisualStudioVersion = 10.0.40219.1
Project("{9A19103F-16F7-4668-BE54-9A1E7A4F7556}") = "EntryPoint", "AwsLambda\Entrypoint\EntryPoint.csproj", "{2710CB0E-0CAA-4D91-A969-5FE78766A954}"
EndProject
Project("{9A19103F-16F7-4668-BE54-9A1E7A4F7556}") = "HostApplication", "SelfHosted\HostApplication\HostApplication.csproj", "{859214C6-C6AC-4EAE-BD62-DF9B9D13DCAB}"
EndProject
Project("{9A19103F-16F7-4668-BE54-9A1E7A4F7556}") = "Remote", "Remote\Remote.csproj", "{D435ECE8-F4D0-47E6-8641-9734A742D28C}"
EndProject
Project("{9A19103F-16F7-4668-BE54-9A1E7A4F7556}") = "Domain", "Domain\Domain.csproj", "{BE7D3309-BC77-46F0-AB56-D021EDFEFA80}"
EndProject
Project("{2150E333-8FDC-42A3-9474-1A3956D46DE8}") = "AwsLambda", "AwsLambda", "{938B7D13-1143-4D73-B481-A0EE9C655F28}"
EndProject
Project("{2150E333-8FDC-42A3-9474-1A3956D46DE8}") = "Selfhosted", "Selfhosted", "{E23EB320-7ADF-465D-80F7-5A035E5920AF}"
EndProject
Project("{9A19103F-16F7-4668-BE54-9A1E7A4F7556}") = "Domain.UnitTests", "Domain.UnitTests\Domain.UnitTests.csproj", "{2FE5F484-774E-4266-AA07-5A0E3A29B9F0}"
EndProject
Project("{2150E333-8FDC-42A3-9474-1A3956D46DE8}") = "Solution Items", "Solution Items", "{8338D816-F61A-47E7-9123-90CEA93C926B}"
	ProjectSection(SolutionItems) = preProject
		docker-build.bat = docker-build.bat
		docker-build.sh = docker-build.sh
		environment = environment
		Makefile = Makefile
		NuGet.config = NuGet.config
		README.md = README.md
	EndProjectSection
EndProject
Project("{2150E333-8FDC-42A3-9474-1A3956D46DE8}") = "terraform", "terraform", "{F533BDAA-BE53-4A8E-8DA5-0AB116148F82}"
	ProjectSection(SolutionItems) = preProject
		terraform\backend.tf = terraform\backend.tf
		terraform\main.tf = terraform\main.tf
		terraform\outputs.tf = terraform\outputs.tf
		terraform\provider.tf = terraform\provider.tf
		terraform\variables.tf = terraform\variables.tf
	EndProjectSection
EndProject
Project("{2150E333-8FDC-42A3-9474-1A3956D46DE8}") = "Plugins", "Plugins", "{7A366A84-4E55-4D70-8C74-FF9F7C83E7EE}"
EndProject
Project("{9A19103F-16F7-4668-BE54-9A1E7A4F7556}") = "DynamoDbFake", "Plugins\DynamoDbFake\DynamoDbFake.csproj", "{A73B545C-76EB-4432-9CB5-D9B6356E6306}"
EndProject
Project("{9A19103F-16F7-4668-BE54-9A1E7A4F7556}") = "InMemoryDb", "Plugins\InMemoryDb\InMemoryDb.csproj", "{02BF62D7-B7AD-4DDD-824D-3F6E784632B3}"
EndProject
Project("{9A19103F-16F7-4668-BE54-9A1E7A4F7556}") = "WebApi", "Plugins\WebApi\WebApi.csproj", "{8ECF03DF-BF72-4305-AEA2-8B6657E95C1E}"
EndProject
Project("{2150E333-8FDC-42A3-9474-1A3956D46DE8}") = "buildcontainer", "buildcontainer", "{13DEC394-5BFD-407B-93DE-0F03E5D62B57}"
	ProjectSection(SolutionItems) = preProject
		buildcontainer\Dockerfile = buildcontainer\Dockerfile
		buildcontainer\umask.sh = buildcontainer\umask.sh
	EndProjectSection
EndProject
Project("{2150E333-8FDC-42A3-9474-1A3956D46DE8}") = "modules", "modules", "{72E5A4BF-4E10-4098-897D-680A0B7FC7FA}"
EndProject
Project("{2150E333-8FDC-42A3-9474-1A3956D46DE8}") = "api_custom_domain", "api_custom_domain", "{FAC1CD99-BFEC-4C0D-BEBA-908574DB8B3C}"
	ProjectSection(SolutionItems) = preProject
		terraform\modules\api_custom_domain\main.tf = terraform\modules\api_custom_domain\main.tf
		terraform\modules\api_custom_domain\variables.tf = terraform\modules\api_custom_domain\variables.tf
	EndProjectSection
EndProject
Project("{2150E333-8FDC-42A3-9474-1A3956D46DE8}") = "cloudfront_distribution", "cloudfront_distribution", "{63B0A805-BC7A-4A6F-981D-E669893CE5D0}"
	ProjectSection(SolutionItems) = preProject
		terraform\modules\cloudfront_distribution\main.tf = terraform\modules\cloudfront_distribution\main.tf
		terraform\modules\cloudfront_distribution\outputs.tf = terraform\modules\cloudfront_distribution\outputs.tf
		terraform\modules\cloudfront_distribution\variables.tf = terraform\modules\cloudfront_distribution\variables.tf
	EndProjectSection
EndProject
Project("{2150E333-8FDC-42A3-9474-1A3956D46DE8}") = "hosted_zone", "hosted_zone", "{4D98C55B-48D6-47C6-AE8E-2A5F8D3FCED7}"
	ProjectSection(SolutionItems) = preProject
		terraform\modules\hosted_zone\main.tf = terraform\modules\hosted_zone\main.tf
		terraform\modules\hosted_zone\outputs.tf = terraform\modules\hosted_zone\outputs.tf
		terraform\modules\hosted_zone\variables.tf = terraform\modules\hosted_zone\variables.tf
	EndProjectSection
EndProject
Project("{2150E333-8FDC-42A3-9474-1A3956D46DE8}") = "serverless_lambda_app", "serverless_lambda_app", "{3550A2DE-52AA-4147-95BE-1B0DD2AB8D44}"
	ProjectSection(SolutionItems) = preProject
		terraform\modules\serverless_lambda_app\main.tf = terraform\modules\serverless_lambda_app\main.tf
		terraform\modules\serverless_lambda_app\outputs.tf = terraform\modules\serverless_lambda_app\outputs.tf
		terraform\modules\serverless_lambda_app\variables.tf = terraform\modules\serverless_lambda_app\variables.tf
	EndProjectSection
EndProject
Project("{FAE04EC0-301F-11D3-BF4B-00C04F79EFBC}") = "Remote.UnitTests", "Remote.UnitTests\Remote.UnitTests.csproj", "{5B1EDF76-0FBE-4277-BE8F-B05F7BE5EC55}"
EndProject
Global
	GlobalSection(SolutionConfigurationPlatforms) = preSolution
		Debug|Any CPU = Debug|Any CPU
		Release|Any CPU = Release|Any CPU
	EndGlobalSection
	GlobalSection(ProjectConfigurationPlatforms) = postSolution
		{2710CB0E-0CAA-4D91-A969-5FE78766A954}.Debug|Any CPU.ActiveCfg = Debug|Any CPU
		{2710CB0E-0CAA-4D91-A969-5FE78766A954}.Debug|Any CPU.Build.0 = Debug|Any CPU
		{2710CB0E-0CAA-4D91-A969-5FE78766A954}.Release|Any CPU.ActiveCfg = Release|Any CPU
		{2710CB0E-0CAA-4D91-A969-5FE78766A954}.Release|Any CPU.Build.0 = Release|Any CPU
		{859214C6-C6AC-4EAE-BD62-DF9B9D13DCAB}.Debug|Any CPU.ActiveCfg = Debug|Any CPU
		{859214C6-C6AC-4EAE-BD62-DF9B9D13DCAB}.Debug|Any CPU.Build.0 = Debug|Any CPU
		{859214C6-C6AC-4EAE-BD62-DF9B9D13DCAB}.Release|Any CPU.ActiveCfg = Release|Any CPU
		{859214C6-C6AC-4EAE-BD62-DF9B9D13DCAB}.Release|Any CPU.Build.0 = Release|Any CPU
		{D435ECE8-F4D0-47E6-8641-9734A742D28C}.Debug|Any CPU.ActiveCfg = Debug|Any CPU
		{D435ECE8-F4D0-47E6-8641-9734A742D28C}.Debug|Any CPU.Build.0 = Debug|Any CPU
		{D435ECE8-F4D0-47E6-8641-9734A742D28C}.Release|Any CPU.ActiveCfg = Release|Any CPU
		{D435ECE8-F4D0-47E6-8641-9734A742D28C}.Release|Any CPU.Build.0 = Release|Any CPU
		{BE7D3309-BC77-46F0-AB56-D021EDFEFA80}.Debug|Any CPU.ActiveCfg = Debug|Any CPU
		{BE7D3309-BC77-46F0-AB56-D021EDFEFA80}.Debug|Any CPU.Build.0 = Debug|Any CPU
		{BE7D3309-BC77-46F0-AB56-D021EDFEFA80}.Release|Any CPU.ActiveCfg = Release|Any CPU
		{BE7D3309-BC77-46F0-AB56-D021EDFEFA80}.Release|Any CPU.Build.0 = Release|Any CPU
		{2FE5F484-774E-4266-AA07-5A0E3A29B9F0}.Debug|Any CPU.ActiveCfg = Debug|Any CPU
		{2FE5F484-774E-4266-AA07-5A0E3A29B9F0}.Debug|Any CPU.Build.0 = Debug|Any CPU
		{2FE5F484-774E-4266-AA07-5A0E3A29B9F0}.Release|Any CPU.ActiveCfg = Release|Any CPU
		{2FE5F484-774E-4266-AA07-5A0E3A29B9F0}.Release|Any CPU.Build.0 = Release|Any CPU
		{A73B545C-76EB-4432-9CB5-D9B6356E6306}.Debug|Any CPU.ActiveCfg = Debug|Any CPU
		{A73B545C-76EB-4432-9CB5-D9B6356E6306}.Debug|Any CPU.Build.0 = Debug|Any CPU
		{A73B545C-76EB-4432-9CB5-D9B6356E6306}.Release|Any CPU.ActiveCfg = Release|Any CPU
		{A73B545C-76EB-4432-9CB5-D9B6356E6306}.Release|Any CPU.Build.0 = Release|Any CPU
		{02BF62D7-B7AD-4DDD-824D-3F6E784632B3}.Debug|Any CPU.ActiveCfg = Debug|Any CPU
		{02BF62D7-B7AD-4DDD-824D-3F6E784632B3}.Debug|Any CPU.Build.0 = Debug|Any CPU
		{02BF62D7-B7AD-4DDD-824D-3F6E784632B3}.Release|Any CPU.ActiveCfg = Release|Any CPU
		{02BF62D7-B7AD-4DDD-824D-3F6E784632B3}.Release|Any CPU.Build.0 = Release|Any CPU
		{8ECF03DF-BF72-4305-AEA2-8B6657E95C1E}.Debug|Any CPU.ActiveCfg = Debug|Any CPU
		{8ECF03DF-BF72-4305-AEA2-8B6657E95C1E}.Debug|Any CPU.Build.0 = Debug|Any CPU
		{8ECF03DF-BF72-4305-AEA2-8B6657E95C1E}.Release|Any CPU.ActiveCfg = Release|Any CPU
		{8ECF03DF-BF72-4305-AEA2-8B6657E95C1E}.Release|Any CPU.Build.0 = Release|Any CPU
		{5B1EDF76-0FBE-4277-BE8F-B05F7BE5EC55}.Debug|Any CPU.ActiveCfg = Debug|Any CPU
		{5B1EDF76-0FBE-4277-BE8F-B05F7BE5EC55}.Debug|Any CPU.Build.0 = Debug|Any CPU
		{5B1EDF76-0FBE-4277-BE8F-B05F7BE5EC55}.Release|Any CPU.ActiveCfg = Release|Any CPU
		{5B1EDF76-0FBE-4277-BE8F-B05F7BE5EC55}.Release|Any CPU.Build.0 = Release|Any CPU
	EndGlobalSection
	GlobalSection(SolutionProperties) = preSolution
		HideSolutionNode = FALSE
	EndGlobalSection
	GlobalSection(NestedProjects) = preSolution
		{2710CB0E-0CAA-4D91-A969-5FE78766A954} = {938B7D13-1143-4D73-B481-A0EE9C655F28}
		{859214C6-C6AC-4EAE-BD62-DF9B9D13DCAB} = {E23EB320-7ADF-465D-80F7-5A035E5920AF}
		{F533BDAA-BE53-4A8E-8DA5-0AB116148F82} = {8338D816-F61A-47E7-9123-90CEA93C926B}
		{A73B545C-76EB-4432-9CB5-D9B6356E6306} = {7A366A84-4E55-4D70-8C74-FF9F7C83E7EE}
		{02BF62D7-B7AD-4DDD-824D-3F6E784632B3} = {7A366A84-4E55-4D70-8C74-FF9F7C83E7EE}
		{8ECF03DF-BF72-4305-AEA2-8B6657E95C1E} = {7A366A84-4E55-4D70-8C74-FF9F7C83E7EE}
		{13DEC394-5BFD-407B-93DE-0F03E5D62B57} = {8338D816-F61A-47E7-9123-90CEA93C926B}
		{72E5A4BF-4E10-4098-897D-680A0B7FC7FA} = {F533BDAA-BE53-4A8E-8DA5-0AB116148F82}
		{FAC1CD99-BFEC-4C0D-BEBA-908574DB8B3C} = {72E5A4BF-4E10-4098-897D-680A0B7FC7FA}
		{63B0A805-BC7A-4A6F-981D-E669893CE5D0} = {72E5A4BF-4E10-4098-897D-680A0B7FC7FA}
		{4D98C55B-48D6-47C6-AE8E-2A5F8D3FCED7} = {72E5A4BF-4E10-4098-897D-680A0B7FC7FA}
		{3550A2DE-52AA-4147-95BE-1B0DD2AB8D44} = {72E5A4BF-4E10-4098-897D-680A0B7FC7FA}
	EndGlobalSection
	GlobalSection(ExtensibilityGlobals) = postSolution
		SolutionGuid = {0E76E69B-3A03-4E2D-B454-C161B428E5D9}
	EndGlobalSection
EndGlobal
