
Microsoft Visual Studio Solution File, Format Version 12.00
# Visual Studio Version 16
VisualStudioVersion = 16.0.28527.54
MinimumVisualStudioVersion = 10.0.40219.1
Project("{9A19103F-16F7-4668-BE54-9A1E7A4F7556}") = "EntryPoint", "AwsLambda\Entrypoint\EntryPoint.csproj", "{2710CB0E-0CAA-4D91-A969-5FE78766A954}"
EndProject
Project("{9A19103F-16F7-4668-BE54-9A1E7A4F7556}") = "HostApplication", "SelfHosted\HostApplication\HostApplication.csproj", "{859214C6-C6AC-4EAE-BD62-DF9B9D13DCAB}"
EndProject
Project("{9A19103F-16F7-4668-BE54-9A1E7A4F7556}") = "Remote", "Remote\Remote.csproj", "{D435ECE8-F4D0-47E6-8641-9734A742D28C}"
EndProject
Project("{9A19103F-16F7-4668-BE54-9A1E7A4F7556}") = "Domain", "Domain\Domain.csproj", "{BE7D3309-BC77-46F0-AB56-D021EDFEFA80}"
EndProject
Project("{2150E333-8FDC-42A3-9474-1A3956D46DE8}") = "AwsLambda", "AwsLambda", "{938B7D13-1143-4D73-B481-A0EE9C655F28}"
EndProject
Project("{2150E333-8FDC-42A3-9474-1A3956D46DE8}") = "Selfhosted", "Selfhosted", "{E23EB320-7ADF-465D-80F7-5A035E5920AF}"
EndProject
Project("{9A19103F-16F7-4668-BE54-9A1E7A4F7556}") = "Adapter", "Adapter\Adapter.csproj", "{E7403593-F959-4807-BE8C-A7CBA661DB50}"
EndProject
Project("{9A19103F-16F7-4668-BE54-9A1E7A4F7556}") = "Domain.UnitTests", "Domain.UnitTests\Domain.UnitTests.csproj", "{2FE5F484-774E-4266-AA07-5A0E3A29B9F0}"
EndProject
Project("{2150E333-8FDC-42A3-9474-1A3956D46DE8}") = "Solution Items", "Solution Items", "{8338D816-F61A-47E7-9123-90CEA93C926B}"
	ProjectSection(SolutionItems) = preProject
		buildcontainer\Dockerfile = buildcontainer\Dockerfile
		buildcontainer\umask.sh = buildcontainer\umask.sh
	EndProjectSection
EndProject
Project("{2150E333-8FDC-42A3-9474-1A3956D46DE8}") = "terraform", "terraform", "{F533BDAA-BE53-4A8E-8DA5-0AB116148F82}"
	ProjectSection(SolutionItems) = preProject
		terraform\backend.tf = terraform\backend.tf
		terraform\main.tf = terraform\main.tf
		terraform\outputs.tf = terraform\outputs.tf
		terraform\provider.tf = terraform\provider.tf
		terraform\variables.tf = terraform\variables.tf
	EndProjectSection
EndProject
Project("{2150E333-8FDC-42A3-9474-1A3956D46DE8}") = "Plugins", "Plugins", "{7A366A84-4E55-4D70-8C74-FF9F7C83E7EE}"
EndProject
Project("{FAE04EC0-301F-11D3-BF4B-00C04F79EFBC}") = "DynamoDbFake", "Plugins\DynamoDbFake\DynamoDbFake.csproj", "{A73B545C-76EB-4432-9CB5-D9B6356E6306}"
EndProject
Project("{FAE04EC0-301F-11D3-BF4B-00C04F79EFBC}") = "InMemoryDb", "Plugins\InMemoryDb\InMemoryDb.csproj", "{02BF62D7-B7AD-4DDD-824D-3F6E784632B3}"
EndProject
Global
	GlobalSection(SolutionConfigurationPlatforms) = preSolution
		Debug|Any CPU = Debug|Any CPU
		Release|Any CPU = Release|Any CPU
	EndGlobalSection
	GlobalSection(ProjectConfigurationPlatforms) = postSolution
		{2710CB0E-0CAA-4D91-A969-5FE78766A954}.Debug|Any CPU.ActiveCfg = Debug|Any CPU
		{2710CB0E-0CAA-4D91-A969-5FE78766A954}.Debug|Any CPU.Build.0 = Debug|Any CPU
		{2710CB0E-0CAA-4D91-A969-5FE78766A954}.Release|Any CPU.ActiveCfg = Release|Any CPU
		{2710CB0E-0CAA-4D91-A969-5FE78766A954}.Release|Any CPU.Build.0 = Release|Any CPU
		{859214C6-C6AC-4EAE-BD62-DF9B9D13DCAB}.Debug|Any CPU.ActiveCfg = Debug|Any CPU
		{859214C6-C6AC-4EAE-BD62-DF9B9D13DCAB}.Debug|Any CPU.Build.0 = Debug|Any CPU
		{859214C6-C6AC-4EAE-BD62-DF9B9D13DCAB}.Release|Any CPU.ActiveCfg = Release|Any CPU
		{859214C6-C6AC-4EAE-BD62-DF9B9D13DCAB}.Release|Any CPU.Build.0 = Release|Any CPU
		{D435ECE8-F4D0-47E6-8641-9734A742D28C}.Debug|Any CPU.ActiveCfg = Debug|Any CPU
		{D435ECE8-F4D0-47E6-8641-9734A742D28C}.Debug|Any CPU.Build.0 = Debug|Any CPU
		{D435ECE8-F4D0-47E6-8641-9734A742D28C}.Release|Any CPU.ActiveCfg = Release|Any CPU
		{D435ECE8-F4D0-47E6-8641-9734A742D28C}.Release|Any CPU.Build.0 = Release|Any CPU
		{BE7D3309-BC77-46F0-AB56-D021EDFEFA80}.Debug|Any CPU.ActiveCfg = Debug|Any CPU
		{BE7D3309-BC77-46F0-AB56-D021EDFEFA80}.Debug|Any CPU.Build.0 = Debug|Any CPU
		{BE7D3309-BC77-46F0-AB56-D021EDFEFA80}.Release|Any CPU.ActiveCfg = Release|Any CPU
		{BE7D3309-BC77-46F0-AB56-D021EDFEFA80}.Release|Any CPU.Build.0 = Release|Any CPU
		{E7403593-F959-4807-BE8C-A7CBA661DB50}.Debug|Any CPU.ActiveCfg = Debug|Any CPU
		{E7403593-F959-4807-BE8C-A7CBA661DB50}.Debug|Any CPU.Build.0 = Debug|Any CPU
		{E7403593-F959-4807-BE8C-A7CBA661DB50}.Release|Any CPU.ActiveCfg = Release|Any CPU
		{E7403593-F959-4807-BE8C-A7CBA661DB50}.Release|Any CPU.Build.0 = Release|Any CPU
		{2FE5F484-774E-4266-AA07-5A0E3A29B9F0}.Debug|Any CPU.ActiveCfg = Debug|Any CPU
		{2FE5F484-774E-4266-AA07-5A0E3A29B9F0}.Debug|Any CPU.Build.0 = Debug|Any CPU
		{2FE5F484-774E-4266-AA07-5A0E3A29B9F0}.Release|Any CPU.ActiveCfg = Release|Any CPU
		{2FE5F484-774E-4266-AA07-5A0E3A29B9F0}.Release|Any CPU.Build.0 = Release|Any CPU
		{A73B545C-76EB-4432-9CB5-D9B6356E6306}.Debug|Any CPU.ActiveCfg = Debug|Any CPU
		{A73B545C-76EB-4432-9CB5-D9B6356E6306}.Debug|Any CPU.Build.0 = Debug|Any CPU
		{A73B545C-76EB-4432-9CB5-D9B6356E6306}.Release|Any CPU.ActiveCfg = Release|Any CPU
		{A73B545C-76EB-4432-9CB5-D9B6356E6306}.Release|Any CPU.Build.0 = Release|Any CPU
		{02BF62D7-B7AD-4DDD-824D-3F6E784632B3}.Debug|Any CPU.ActiveCfg = Debug|Any CPU
		{02BF62D7-B7AD-4DDD-824D-3F6E784632B3}.Debug|Any CPU.Build.0 = Debug|Any CPU
		{02BF62D7-B7AD-4DDD-824D-3F6E784632B3}.Release|Any CPU.ActiveCfg = Release|Any CPU
		{02BF62D7-B7AD-4DDD-824D-3F6E784632B3}.Release|Any CPU.Build.0 = Release|Any CPU
	EndGlobalSection
	GlobalSection(SolutionProperties) = preSolution
		HideSolutionNode = FALSE
	EndGlobalSection
	GlobalSection(NestedProjects) = preSolution
		{2710CB0E-0CAA-4D91-A969-5FE78766A954} = {938B7D13-1143-4D73-B481-A0EE9C655F28}
		{859214C6-C6AC-4EAE-BD62-DF9B9D13DCAB} = {E23EB320-7ADF-465D-80F7-5A035E5920AF}
		{F533BDAA-BE53-4A8E-8DA5-0AB116148F82} = {8338D816-F61A-47E7-9123-90CEA93C926B}
		{A73B545C-76EB-4432-9CB5-D9B6356E6306} = {7A366A84-4E55-4D70-8C74-FF9F7C83E7EE}
		{02BF62D7-B7AD-4DDD-824D-3F6E784632B3} = {7A366A84-4E55-4D70-8C74-FF9F7C83E7EE}
	EndGlobalSection
	GlobalSection(ExtensibilityGlobals) = postSolution
		SolutionGuid = {0E76E69B-3A03-4E2D-B454-C161B428E5D9}
	EndGlobalSection
EndGlobal
